// !$*UTF8*$!
{
	archiveVersion = 1;
	classes = {
	};
	objectVersion = 46;
	objects = {

/* Begin PBXBuildFile section */
		76B210201EB6327100691DA1 /* AppDelegate.swift in Sources */ = {isa = PBXBuildFile; fileRef = 76B2101F1EB6327100691DA1 /* AppDelegate.swift */; };
		76B210221EB6327100691DA1 /* ViewController.swift in Sources */ = {isa = PBXBuildFile; fileRef = 76B210211EB6327100691DA1 /* ViewController.swift */; };
		76B210251EB6327100691DA1 /* Main.storyboard in Resources */ = {isa = PBXBuildFile; fileRef = 76B210231EB6327100691DA1 /* Main.storyboard */; };
		76B210271EB6327100691DA1 /* Assets.xcassets in Resources */ = {isa = PBXBuildFile; fileRef = 76B210261EB6327100691DA1 /* Assets.xcassets */; };
		76B2102A1EB6327100691DA1 /* LaunchScreen.storyboard in Resources */ = {isa = PBXBuildFile; fileRef = 76B210281EB6327100691DA1 /* LaunchScreen.storyboard */; };
		76B210351EB6327100691DA1 /* Chapter6Tests.swift in Sources */ = {isa = PBXBuildFile; fileRef = 76B210341EB6327100691DA1 /* Chapter6Tests.swift */; };
/* End PBXBuildFile section */

/* Begin PBXContainerItemProxy section */
		76B210311EB6327100691DA1 /* PBXContainerItemProxy */ = {
			isa = PBXContainerItemProxy;
			containerPortal = 76B210141EB6327100691DA1 /* Project object */;
			proxyType = 1;
			remoteGlobalIDString = 76B2101B1EB6327100691DA1;
			remoteInfo = Chapter6;
		};
/* End PBXContainerItemProxy section */

/* Begin PBXFileReference section */
		76B2101C1EB6327100691DA1 /* Chapter6.app */ = {isa = PBXFileReference; explicitFileType = wrapper.application; includeInIndex = 0; path = Chapter6.app; sourceTree = BUILT_PRODUCTS_DIR; };
		76B2101F1EB6327100691DA1 /* AppDelegate.swift */ = {isa = PBXFileReference; lastKnownFileType = sourcecode.swift; path = AppDelegate.swift; sourceTree = "<group>"; };
		76B210211EB6327100691DA1 /* ViewController.swift */ = {isa = PBXFileReference; lastKnownFileType = sourcecode.swift; path = ViewController.swift; sourceTree = "<group>"; };
		76B210241EB6327100691DA1 /* Base */ = {isa = PBXFileReference; lastKnownFileType = file.storyboard; name = Base; path = Base.lproj/Main.storyboard; sourceTree = "<group>"; };
		76B210261EB6327100691DA1 /* Assets.xcassets */ = {isa = PBXFileReference; lastKnownFileType = folder.assetcatalog; path = Assets.xcassets; sourceTree = "<group>"; };
		76B210291EB6327100691DA1 /* Base */ = {isa = PBXFileReference; lastKnownFileType = file.storyboard; name = Base; path = Base.lproj/LaunchScreen.storyboard; sourceTree = "<group>"; };
		76B2102B1EB6327100691DA1 /* Info.plist */ = {isa = PBXFileReference; lastKnownFileType = text.plist.xml; path = Info.plist; sourceTree = "<group>"; };
		76B210301EB6327100691DA1 /* Chapter6Tests.xctest */ = {isa = PBXFileReference; explicitFileType = wrapper.cfbundle; includeInIndex = 0; path = Chapter6Tests.xctest; sourceTree = BUILT_PRODUCTS_DIR; };
		76B210341EB6327100691DA1 /* Chapter6Tests.swift */ = {isa = PBXFileReference; lastKnownFileType = sourcecode.swift; path = Chapter6Tests.swift; sourceTree = "<group>"; };
		76B210361EB6327100691DA1 /* Info.plist */ = {isa = PBXFileReference; lastKnownFileType = text.plist.xml; path = Info.plist; sourceTree = "<group>"; };
/* End PBXFileReference section */

/* Begin PBXFrameworksBuildPhase section */
		76B210191EB6327100691DA1 /* Frameworks */ = {
			isa = PBXFrameworksBuildPhase;
			buildActionMask = 2147483647;
			files = (
			);
			runOnlyForDeploymentPostprocessing = 0;
		};
		76B2102D1EB6327100691DA1 /* Frameworks */ = {
			isa = PBXFrameworksBuildPhase;
			buildActionMask = 2147483647;
			files = (
			);
			runOnlyForDeploymentPostprocessing = 0;
		};
/* End PBXFrameworksBuildPhase section */

/* Begin PBXGroup section */
		76B210131EB6327100691DA1 = {
			isa = PBXGroup;
			children = (
				76B2101E1EB6327100691DA1 /* Chapter6 */,
				76B210331EB6327100691DA1 /* Chapter6Tests */,
				76B2101D1EB6327100691DA1 /* Products */,
			);
			sourceTree = "<group>";
		};
		76B2101D1EB6327100691DA1 /* Products */ = {
			isa = PBXGroup;
			children = (
				76B2101C1EB6327100691DA1 /* Chapter6.app */,
				76B210301EB6327100691DA1 /* Chapter6Tests.xctest */,
			);
			name = Products;
			sourceTree = "<group>";
		};
		76B2101E1EB6327100691DA1 /* Chapter6 */ = {
			isa = PBXGroup;
			children = (
				76B2101F1EB6327100691DA1 /* AppDelegate.swift */,
				76B210211EB6327100691DA1 /* ViewController.swift */,
				76B210231EB6327100691DA1 /* Main.storyboard */,
				76B210261EB6327100691DA1 /* Assets.xcassets */,
				76B210281EB6327100691DA1 /* LaunchScreen.storyboard */,
				76B2102B1EB6327100691DA1 /* Info.plist */,
			);
			path = Chapter6;
			sourceTree = "<group>";
		};
		76B210331EB6327100691DA1 /* Chapter6Tests */ = {
			isa = PBXGroup;
			children = (
				76B210341EB6327100691DA1 /* Chapter6Tests.swift */,
				76B210361EB6327100691DA1 /* Info.plist */,
			);
			path = Chapter6Tests;
			sourceTree = "<group>";
		};
/* End PBXGroup section */

/* Begin PBXNativeTarget section */
		76B2101B1EB6327100691DA1 /* Chapter6 */ = {
			isa = PBXNativeTarget;
			buildConfigurationList = 76B210391EB6327100691DA1 /* Build configuration list for PBXNativeTarget "Chapter6" */;
			buildPhases = (
				76B210181EB6327100691DA1 /* Sources */,
				76B210191EB6327100691DA1 /* Frameworks */,
				76B2101A1EB6327100691DA1 /* Resources */,
			);
			buildRules = (
			);
			dependencies = (
			);
			name = Chapter6;
			productName = Chapter6;
			productReference = 76B2101C1EB6327100691DA1 /* Chapter6.app */;
			productType = "com.apple.product-type.application";
		};
		76B2102F1EB6327100691DA1 /* Chapter6Tests */ = {
			isa = PBXNativeTarget;
			buildConfigurationList = 76B2103C1EB6327100691DA1 /* Build configuration list for PBXNativeTarget "Chapter6Tests" */;
			buildPhases = (
				76B2102C1EB6327100691DA1 /* Sources */,
				76B2102D1EB6327100691DA1 /* Frameworks */,
				76B2102E1EB6327100691DA1 /* Resources */,
			);
			buildRules = (
			);
			dependencies = (
				76B210321EB6327100691DA1 /* PBXTargetDependency */,
			);
			name = Chapter6Tests;
			productName = Chapter6Tests;
			productReference = 76B210301EB6327100691DA1 /* Chapter6Tests.xctest */;
			productType = "com.apple.product-type.bundle.unit-test";
		};
/* End PBXNativeTarget section */

/* Begin PBXProject section */
		76B210141EB6327100691DA1 /* Project object */ = {
			isa = PBXProject;
			attributes = {
				LastSwiftUpdateCheck = 0830;
				LastUpgradeCheck = 0830;
				ORGANIZATIONNAME = "Derek Lu";
				TargetAttributes = {
					76B2101B1EB6327100691DA1 = {
						CreatedOnToolsVersion = 8.3.2;
						ProvisioningStyle = Automatic;
					};
					76B2102F1EB6327100691DA1 = {
						CreatedOnToolsVersion = 8.3.2;
						ProvisioningStyle = Automatic;
						TestTargetID = 76B2101B1EB6327100691DA1;
					};
				};
			};
			buildConfigurationList = 76B210171EB6327100691DA1 /* Build configuration list for PBXProject "Chapter6" */;
			compatibilityVersion = "Xcode 3.2";
			developmentRegion = English;
			hasScannedForEncodings = 0;
			knownRegions = (
				en,
				Base,
			);
			mainGroup = 76B210131EB6327100691DA1;
			productRefGroup = 76B2101D1EB6327100691DA1 /* Products */;
			projectDirPath = "";
			projectRoot = "";
			targets = (
				76B2101B1EB6327100691DA1 /* Chapter6 */,
				76B2102F1EB6327100691DA1 /* Chapter6Tests */,
			);
		};
/* End PBXProject section */

/* Begin PBXResourcesBuildPhase section */
		76B2101A1EB6327100691DA1 /* Resources */ = {
			isa = PBXResourcesBuildPhase;
			buildActionMask = 2147483647;
			files = (
				76B2102A1EB6327100691DA1 /* LaunchScreen.storyboard in Resources */,
				76B210271EB6327100691DA1 /* Assets.xcassets in Resources */,
				76B210251EB6327100691DA1 /* Main.storyboard in Resources */,
			);
			runOnlyForDeploymentPostprocessing = 0;
		};
		76B2102E1EB6327100691DA1 /* Resources */ = {
			isa = PBXResourcesBuildPhase;
			buildActionMask = 2147483647;
			files = (
			);
			runOnlyForDeploymentPostprocessing = 0;
		};
/* End PBXResourcesBuildPhase section */

/* Begin PBXSourcesBuildPhase section */
		76B210181EB6327100691DA1 /* Sources */ = {
			isa = PBXSourcesBuildPhase;
			buildActionMask = 2147483647;
			files = (
				76B210221EB6327100691DA1 /* ViewController.swift in Sources */,
				76B210201EB6327100691DA1 /* AppDelegate.swift in Sources */,
			);
			runOnlyForDeploymentPostprocessing = 0;
		};
		76B2102C1EB6327100691DA1 /* Sources */ = {
			isa = PBXSourcesBuildPhase;
			buildActionMask = 2147483647;
			files = (
				76B210351EB6327100691DA1 /* Chapter6Tests.swift in Sources */,
			);
			runOnlyForDeploymentPostprocessing = 0;
		};
/* End PBXSourcesBuildPhase section */

/* Begin PBXTargetDependency section */
		76B210321EB6327100691DA1 /* PBXTargetDependency */ = {
			isa = PBXTargetDependency;
			target = 76B2101B1EB6327100691DA1 /* Chapter6 */;
			targetProxy = 76B210311EB6327100691DA1 /* PBXContainerItemProxy */;
		};
/* End PBXTargetDependency section */

/* Begin PBXVariantGroup section */
		76B210231EB6327100691DA1 /* Main.storyboard */ = {
			isa = PBXVariantGroup;
			children = (
				76B210241EB6327100691DA1 /* Base */,
			);
			name = Main.storyboard;
			sourceTree = "<group>";
		};
		76B210281EB6327100691DA1 /* LaunchScreen.storyboard */ = {
			isa = PBXVariantGroup;
			children = (
				76B210291EB6327100691DA1 /* Base */,
			);
			name = LaunchScreen.storyboard;
			sourceTree = "<group>";
		};
/* End PBXVariantGroup section */

/* Begin XCBuildConfiguration section */
		76B210371EB6327100691DA1 /* Debug */ = {
			isa = XCBuildConfiguration;
			buildSettings = {
				ALWAYS_SEARCH_USER_PATHS = NO;
				CLANG_ANALYZER_NONNULL = YES;
				CLANG_ANALYZER_NUMBER_OBJECT_CONVERSION = YES_AGGRESSIVE;
				CLANG_CXX_LANGUAGE_STANDARD = "gnu++0x";
				CLANG_CXX_LIBRARY = "libc++";
				CLANG_ENABLE_MODULES = YES;
				CLANG_ENABLE_OBJC_ARC = YES;
				CLANG_WARN_BOOL_CONVERSION = YES;
				CLANG_WARN_CONSTANT_CONVERSION = YES;
				CLANG_WARN_DIRECT_OBJC_ISA_USAGE = YES_ERROR;
				CLANG_WARN_DOCUMENTATION_COMMENTS = YES;
				CLANG_WARN_EMPTY_BODY = YES;
				CLANG_WARN_ENUM_CONVERSION = YES;
				CLANG_WARN_INFINITE_RECURSION = YES;
				CLANG_WARN_INT_CONVERSION = YES;
				CLANG_WARN_OBJC_ROOT_CLASS = YES_ERROR;
				CLANG_WARN_SUSPICIOUS_MOVE = YES;
				CLANG_WARN_UNREACHABLE_CODE = YES;
				CLANG_WARN__DUPLICATE_METHOD_MATCH = YES;
				"CODE_SIGN_IDENTITY[sdk=iphoneos*]" = "iPhone Developer";
				COPY_PHASE_STRIP = NO;
				DEBUG_INFORMATION_FORMAT = dwarf;
				ENABLE_STRICT_OBJC_MSGSEND = YES;
				ENABLE_TESTABILITY = YES;
				GCC_C_LANGUAGE_STANDARD = gnu99;
				GCC_DYNAMIC_NO_PIC = NO;
				GCC_NO_COMMON_BLOCKS = YES;
				GCC_OPTIMIZATION_LEVEL = 0;
				GCC_PREPROCESSOR_DEFINITIONS = (
					"DEBUG=1",
					"$(inherited)",
				);
				GCC_WARN_64_TO_32_BIT_CONVERSION = YES;
				GCC_WARN_ABOUT_RETURN_TYPE = YES_ERROR;
				GCC_WARN_UNDECLARED_SELECTOR = YES;
				GCC_WARN_UNINITIALIZED_AUTOS = YES_AGGRESSIVE;
				GCC_WARN_UNUSED_FUNCTION = YES;
				GCC_WARN_UNUSED_VARIABLE = YES;
				IPHONEOS_DEPLOYMENT_TARGET = 10.3;
				MTL_ENABLE_DEBUG_INFO = YES;
				ONLY_ACTIVE_ARCH = YES;
				SDKROOT = iphoneos;
				SWIFT_ACTIVE_COMPILATION_CONDITIONS = DEBUG;
				SWIFT_OPTIMIZATION_LEVEL = "-Onone";
			};
			name = Debug;
		};
		76B210381EB6327100691DA1 /* Release */ = {
			isa = XCBuildConfiguration;
			buildSettings = {
				ALWAYS_SEARCH_USER_PATHS = NO;
				CLANG_ANALYZER_NONNULL = YES;
				CLANG_ANALYZER_NUMBER_OBJECT_CONVERSION = YES_AGGRESSIVE;
				CLANG_CXX_LANGUAGE_STANDARD = "gnu++0x";
				CLANG_CXX_LIBRARY = "libc++";
				CLANG_ENABLE_MODULES = YES;
				CLANG_ENABLE_OBJC_ARC = YES;
				CLANG_WARN_BOOL_CONVERSION = YES;
				CLANG_WARN_CONSTANT_CONVERSION = YES;
				CLANG_WARN_DIRECT_OBJC_ISA_USAGE = YES_ERROR;
				CLANG_WARN_DOCUMENTATION_COMMENTS = YES;
				CLANG_WARN_EMPTY_BODY = YES;
				CLANG_WARN_ENUM_CONVERSION = YES;
				CLANG_WARN_INFINITE_RECURSION = YES;
				CLANG_WARN_INT_CONVERSION = YES;
				CLANG_WARN_OBJC_ROOT_CLASS = YES_ERROR;
				CLANG_WARN_SUSPICIOUS_MOVE = YES;
				CLANG_WARN_UNREACHABLE_CODE = YES;
				CLANG_WARN__DUPLICATE_METHOD_MATCH = YES;
				"CODE_SIGN_IDENTITY[sdk=iphoneos*]" = "iPhone Developer";
				COPY_PHASE_STRIP = NO;
				DEBUG_INFORMATION_FORMAT = "dwarf-with-dsym";
				ENABLE_NS_ASSERTIONS = NO;
				ENABLE_STRICT_OBJC_MSGSEND = YES;
				GCC_C_LANGUAGE_STANDARD = gnu99;
				GCC_NO_COMMON_BLOCKS = YES;
				GCC_WARN_64_TO_32_BIT_CONVERSION = YES;
				GCC_WARN_ABOUT_RETURN_TYPE = YES_ERROR;
				GCC_WARN_UNDECLARED_SELECTOR = YES;
				GCC_WARN_UNINITIALIZED_AUTOS = YES_AGGRESSIVE;
				GCC_WARN_UNUSED_FUNCTION = YES;
				GCC_WARN_UNUSED_VARIABLE = YES;
				IPHONEOS_DEPLOYMENT_TARGET = 10.3;
				MTL_ENABLE_DEBUG_INFO = NO;
				SDKROOT = iphoneos;
				SWIFT_OPTIMIZATION_LEVEL = "-Owholemodule";
				VALIDATE_PRODUCT = YES;
			};
			name = Release;
		};
		76B2103A1EB6327100691DA1 /* Debug */ = {
			isa = XCBuildConfiguration;
			buildSettings = {
				ASSETCATALOG_COMPILER_APPICON_NAME = AppIcon;
				INFOPLIST_FILE = Chapter6/Info.plist;
				LD_RUNPATH_SEARCH_PATHS = "$(inherited) @executable_path/Frameworks";
				PRODUCT_BUNDLE_IDENTIFIER = com.derek.Chapter6;
				PRODUCT_NAME = "$(TARGET_NAME)";
				SWIFT_VERSION = 3.0;
			};
			name = Debug;
		};
		76B2103B1EB6327100691DA1 /* Release */ = {
			isa = XCBuildConfiguration;
			buildSettings = {
				ASSETCATALOG_COMPILER_APPICON_NAME = AppIcon;
				INFOPLIST_FILE = Chapter6/Info.plist;
				LD_RUNPATH_SEARCH_PATHS = "$(inherited) @executable_path/Frameworks";
				PRODUCT_BUNDLE_IDENTIFIER = com.derek.Chapter6;
				PRODUCT_NAME = "$(TARGET_NAME)";
				SWIFT_VERSION = 3.0;
			};
			name = Release;
		};
		76B2103D1EB6327100691DA1 /* Debug */ = {
			isa = XCBuildConfiguration;
			buildSettings = {
				ALWAYS_EMBED_SWIFT_STANDARD_LIBRARIES = YES;
				BUNDLE_LOADER = "$(TEST_HOST)";
				INFOPLIST_FILE = Chapter6Tests/Info.plist;
				LD_RUNPATH_SEARCH_PATHS = "$(inherited) @executable_path/Frameworks @loader_path/Frameworks";
				PRODUCT_BUNDLE_IDENTIFIER = com.derek.Chapter6Tests;
				PRODUCT_NAME = "$(TARGET_NAME)";
				SWIFT_VERSION = 3.0;
				TEST_HOST = "$(BUILT_PRODUCTS_DIR)/Chapter6.app/Chapter6";
			};
			name = Debug;
		};
		76B2103E1EB6327100691DA1 /* Release */ = {
			isa = XCBuildConfiguration;
			buildSettings = {
				ALWAYS_EMBED_SWIFT_STANDARD_LIBRARIES = YES;
				BUNDLE_LOADER = "$(TEST_HOST)";
				INFOPLIST_FILE = Chapter6Tests/Info.plist;
				LD_RUNPATH_SEARCH_PATHS = "$(inherited) @executable_path/Frameworks @loader_path/Frameworks";
				PRODUCT_BUNDLE_IDENTIFIER = com.derek.Chapter6Tests;
				PRODUCT_NAME = "$(TARGET_NAME)";
				SWIFT_VERSION = 3.0;
				TEST_HOST = "$(BUILT_PRODUCTS_DIR)/Chapter6.app/Chapter6";
			};
			name = Release;
		};
/* End XCBuildConfiguration section */

/* Begin XCConfigurationList section */
		76B210171EB6327100691DA1 /* Build configuration list for PBXProject "Chapter6" */ = {
			isa = XCConfigurationList;
			buildConfigurations = (
				76B210371EB6327100691DA1 /* Debug */,
				76B210381EB6327100691DA1 /* Release */,
			);
			defaultConfigurationIsVisible = 0;
			defaultConfigurationName = Release;
		};
		76B210391EB6327100691DA1 /* Build configuration list for PBXNativeTarget "Chapter6" */ = {
			isa = XCConfigurationList;
			buildConfigurations = (
				76B2103A1EB6327100691DA1 /* Debug */,
				76B2103B1EB6327100691DA1 /* Release */,
			);
			defaultConfigurationIsVisible = 0;
		};
		76B2103C1EB6327100691DA1 /* Build configuration list for PBXNativeTarget "Chapter6Tests" */ = {
			isa = XCConfigurationList;
			buildConfigurations = (
				76B2103D1EB6327100691DA1 /* Debug */,
				76B2103E1EB6327100691DA1 /* Release */,
			);
			defaultConfigurationIsVisible = 0;
		};
/* End XCConfigurationList section */
	};
	rootObject = 76B210141EB6327100691DA1 /* Project object */;
}
