// !$*UTF8*$!
{
	archiveVersion = 1;
	classes = {
	};
	objectVersion = 46;
	objects = {

/* Begin PBXBuildFile section */
		763483DC1EB70917007F4D2A /* AppDelegate.swift in Sources */ = {isa = PBXBuildFile; fileRef = 763483DB1EB70917007F4D2A /* AppDelegate.swift */; };
		763483DE1EB70917007F4D2A /* MasterViewController.swift in Sources */ = {isa = PBXBuildFile; fileRef = 763483DD1EB70917007F4D2A /* MasterViewController.swift */; };
		763483E01EB70917007F4D2A /* DetailViewController.swift in Sources */ = {isa = PBXBuildFile; fileRef = 763483DF1EB70917007F4D2A /* DetailViewController.swift */; };
		763483E31EB70917007F4D2A /* Main.storyboard in Resources */ = {isa = PBXBuildFile; fileRef = 763483E11EB70917007F4D2A /* Main.storyboard */; };
		763483E51EB70917007F4D2A /* Assets.xcassets in Resources */ = {isa = PBXBuildFile; fileRef = 763483E41EB70917007F4D2A /* Assets.xcassets */; };
		763483E81EB70917007F4D2A /* LaunchScreen.storyboard in Resources */ = {isa = PBXBuildFile; fileRef = 763483E61EB70917007F4D2A /* LaunchScreen.storyboard */; };
		763483F31EB70917007F4D2A /* BookStoreTests.swift in Sources */ = {isa = PBXBuildFile; fileRef = 763483F21EB70917007F4D2A /* BookStoreTests.swift */; };
		763483FE1EB709BC007F4D2A /* Book.swift in Sources */ = {isa = PBXBuildFile; fileRef = 763483FD1EB709BC007F4D2A /* Book.swift */; };
		763484001EB70A15007F4D2A /* BookStore.swift in Sources */ = {isa = PBXBuildFile; fileRef = 763483FF1EB70A15007F4D2A /* BookStore.swift */; };
		76F28D821EBEC85800AAE987 /* AddBookViewController.swift in Sources */ = {isa = PBXBuildFile; fileRef = 76F28D811EBEC85800AAE987 /* AddBookViewController.swift */; };
/* End PBXBuildFile section */

/* Begin PBXContainerItemProxy section */
		763483EF1EB70917007F4D2A /* PBXContainerItemProxy */ = {
			isa = PBXContainerItemProxy;
			containerPortal = 763483D01EB70917007F4D2A /* Project object */;
			proxyType = 1;
			remoteGlobalIDString = 763483D71EB70917007F4D2A;
			remoteInfo = BookStore;
		};
/* End PBXContainerItemProxy section */

/* Begin PBXFileReference section */
		763483D81EB70917007F4D2A /* BookStore.app */ = {isa = PBXFileReference; explicitFileType = wrapper.application; includeInIndex = 0; path = BookStore.app; sourceTree = BUILT_PRODUCTS_DIR; };
		763483DB1EB70917007F4D2A /* AppDelegate.swift */ = {isa = PBXFileReference; lastKnownFileType = sourcecode.swift; path = AppDelegate.swift; sourceTree = "<group>"; };
		763483DD1EB70917007F4D2A /* MasterViewController.swift */ = {isa = PBXFileReference; lastKnownFileType = sourcecode.swift; path = MasterViewController.swift; sourceTree = "<group>"; };
		763483DF1EB70917007F4D2A /* DetailViewController.swift */ = {isa = PBXFileReference; lastKnownFileType = sourcecode.swift; path = DetailViewController.swift; sourceTree = "<group>"; };
		763483E21EB70917007F4D2A /* Base */ = {isa = PBXFileReference; lastKnownFileType = file.storyboard; name = Base; path = Base.lproj/Main.storyboard; sourceTree = "<group>"; };
		763483E41EB70917007F4D2A /* Assets.xcassets */ = {isa = PBXFileReference; lastKnownFileType = folder.assetcatalog; path = Assets.xcassets; sourceTree = "<group>"; };
		763483E71EB70917007F4D2A /* Base */ = {isa = PBXFileReference; lastKnownFileType = file.storyboard; name = Base; path = Base.lproj/LaunchScreen.storyboard; sourceTree = "<group>"; };
		763483E91EB70917007F4D2A /* Info.plist */ = {isa = PBXFileReference; lastKnownFileType = text.plist.xml; path = Info.plist; sourceTree = "<group>"; };
		763483EE1EB70917007F4D2A /* BookStoreTests.xctest */ = {isa = PBXFileReference; explicitFileType = wrapper.cfbundle; includeInIndex = 0; path = BookStoreTests.xctest; sourceTree = BUILT_PRODUCTS_DIR; };
		763483F21EB70917007F4D2A /* BookStoreTests.swift */ = {isa = PBXFileReference; lastKnownFileType = sourcecode.swift; path = BookStoreTests.swift; sourceTree = "<group>"; };
		763483F41EB70917007F4D2A /* Info.plist */ = {isa = PBXFileReference; lastKnownFileType = text.plist.xml; path = Info.plist; sourceTree = "<group>"; };
		763483FD1EB709BC007F4D2A /* Book.swift */ = {isa = PBXFileReference; fileEncoding = 4; lastKnownFileType = sourcecode.swift; name = Book.swift; path = BookStore/Book.swift; sourceTree = "<group>"; };
		763483FF1EB70A15007F4D2A /* BookStore.swift */ = {isa = PBXFileReference; fileEncoding = 4; lastKnownFileType = sourcecode.swift; path = BookStore.swift; sourceTree = "<group>"; };
		76F28D811EBEC85800AAE987 /* AddBookViewController.swift */ = {isa = PBXFileReference; fileEncoding = 4; lastKnownFileType = sourcecode.swift; path = AddBookViewController.swift; sourceTree = "<group>"; };
/* End PBXFileReference section */

/* Begin PBXFrameworksBuildPhase section */
		763483D51EB70917007F4D2A /* Frameworks */ = {
			isa = PBXFrameworksBuildPhase;
			buildActionMask = 2147483647;
			files = (
			);
			runOnlyForDeploymentPostprocessing = 0;
		};
		763483EB1EB70917007F4D2A /* Frameworks */ = {
			isa = PBXFrameworksBuildPhase;
			buildActionMask = 2147483647;
			files = (
			);
			runOnlyForDeploymentPostprocessing = 0;
		};
/* End PBXFrameworksBuildPhase section */

/* Begin PBXGroup section */
		763483CF1EB70917007F4D2A = {
			isa = PBXGroup;
			children = (
				763483FF1EB70A15007F4D2A /* BookStore.swift */,
				763483FD1EB709BC007F4D2A /* Book.swift */,
				763483DA1EB70917007F4D2A /* BookStore */,
				763483F11EB70917007F4D2A /* BookStoreTests */,
				763483D91EB70917007F4D2A /* Products */,
			);
			sourceTree = "<group>";
		};
		763483D91EB70917007F4D2A /* Products */ = {
			isa = PBXGroup;
			children = (
				763483D81EB70917007F4D2A /* BookStore.app */,
				763483EE1EB70917007F4D2A /* BookStoreTests.xctest */,
			);
			name = Products;
			sourceTree = "<group>";
		};
		763483DA1EB70917007F4D2A /* BookStore */ = {
			isa = PBXGroup;
			children = (
				763483DB1EB70917007F4D2A /* AppDelegate.swift */,
				76F28D811EBEC85800AAE987 /* AddBookViewController.swift */,
				763483DD1EB70917007F4D2A /* MasterViewController.swift */,
				763483DF1EB70917007F4D2A /* DetailViewController.swift */,
				763483E11EB70917007F4D2A /* Main.storyboard */,
				763483E41EB70917007F4D2A /* Assets.xcassets */,
				763483E61EB70917007F4D2A /* LaunchScreen.storyboard */,
				763483E91EB70917007F4D2A /* Info.plist */,
			);
			path = BookStore;
			sourceTree = "<group>";
		};
		763483F11EB70917007F4D2A /* BookStoreTests */ = {
			isa = PBXGroup;
			children = (
				763483F21EB70917007F4D2A /* BookStoreTests.swift */,
				763483F41EB70917007F4D2A /* Info.plist */,
			);
			path = BookStoreTests;
			sourceTree = "<group>";
		};
/* End PBXGroup section */

/* Begin PBXNativeTarget section */
		763483D71EB70917007F4D2A /* BookStore */ = {
			isa = PBXNativeTarget;
			buildConfigurationList = 763483F71EB70917007F4D2A /* Build configuration list for PBXNativeTarget "BookStore" */;
			buildPhases = (
				763483D41EB70917007F4D2A /* Sources */,
				763483D51EB70917007F4D2A /* Frameworks */,
				763483D61EB70917007F4D2A /* Resources */,
			);
			buildRules = (
			);
			dependencies = (
			);
			name = BookStore;
			productName = BookStore;
			productReference = 763483D81EB70917007F4D2A /* BookStore.app */;
			productType = "com.apple.product-type.application";
		};
		763483ED1EB70917007F4D2A /* BookStoreTests */ = {
			isa = PBXNativeTarget;
			buildConfigurationList = 763483FA1EB70917007F4D2A /* Build configuration list for PBXNativeTarget "BookStoreTests" */;
			buildPhases = (
				763483EA1EB70917007F4D2A /* Sources */,
				763483EB1EB70917007F4D2A /* Frameworks */,
				763483EC1EB70917007F4D2A /* Resources */,
			);
			buildRules = (
			);
			dependencies = (
				763483F01EB70917007F4D2A /* PBXTargetDependency */,
			);
			name = BookStoreTests;
			productName = BookStoreTests;
			productReference = 763483EE1EB70917007F4D2A /* BookStoreTests.xctest */;
			productType = "com.apple.product-type.bundle.unit-test";
		};
/* End PBXNativeTarget section */

/* Begin PBXProject section */
		763483D01EB70917007F4D2A /* Project object */ = {
			isa = PBXProject;
			attributes = {
				LastSwiftUpdateCheck = 0830;
				LastUpgradeCheck = 0830;
				ORGANIZATIONNAME = "Derek Lu";
				TargetAttributes = {
					763483D71EB70917007F4D2A = {
						CreatedOnToolsVersion = 8.3.2;
						DevelopmentTeam = ASJZC5V6P7;
						ProvisioningStyle = Automatic;
					};
					763483ED1EB70917007F4D2A = {
						CreatedOnToolsVersion = 8.3.2;
						ProvisioningStyle = Automatic;
						TestTargetID = 763483D71EB70917007F4D2A;
					};
				};
			};
			buildConfigurationList = 763483D31EB70917007F4D2A /* Build configuration list for PBXProject "BookStore" */;
			compatibilityVersion = "Xcode 3.2";
			developmentRegion = English;
			hasScannedForEncodings = 0;
			knownRegions = (
				en,
				Base,
			);
			mainGroup = 763483CF1EB70917007F4D2A;
			productRefGroup = 763483D91EB70917007F4D2A /* Products */;
			projectDirPath = "";
			projectRoot = "";
			targets = (
				763483D71EB70917007F4D2A /* BookStore */,
				763483ED1EB70917007F4D2A /* BookStoreTests */,
			);
		};
/* End PBXProject section */

/* Begin PBXResourcesBuildPhase section */
		763483D61EB70917007F4D2A /* Resources */ = {
			isa = PBXResourcesBuildPhase;
			buildActionMask = 2147483647;
			files = (
				763483E81EB70917007F4D2A /* LaunchScreen.storyboard in Resources */,
				763483E51EB70917007F4D2A /* Assets.xcassets in Resources */,
				763483E31EB70917007F4D2A /* Main.storyboard in Resources */,
			);
			runOnlyForDeploymentPostprocessing = 0;
		};
		763483EC1EB70917007F4D2A /* Resources */ = {
			isa = PBXResourcesBuildPhase;
			buildActionMask = 2147483647;
			files = (
			);
			runOnlyForDeploymentPostprocessing = 0;
		};
/* End PBXResourcesBuildPhase section */

/* Begin PBXSourcesBuildPhase section */
		763483D41EB70917007F4D2A /* Sources */ = {
			isa = PBXSourcesBuildPhase;
			buildActionMask = 2147483647;
			files = (
				763483FE1EB709BC007F4D2A /* Book.swift in Sources */,
				76F28D821EBEC85800AAE987 /* AddBookViewController.swift in Sources */,
				763483E01EB70917007F4D2A /* DetailViewController.swift in Sources */,
				763483DE1EB70917007F4D2A /* MasterViewController.swift in Sources */,
				763484001EB70A15007F4D2A /* BookStore.swift in Sources */,
				763483DC1EB70917007F4D2A /* AppDelegate.swift in Sources */,
			);
			runOnlyForDeploymentPostprocessing = 0;
		};
		763483EA1EB70917007F4D2A /* Sources */ = {
			isa = PBXSourcesBuildPhase;
			buildActionMask = 2147483647;
			files = (
				763483F31EB70917007F4D2A /* BookStoreTests.swift in Sources */,
			);
			runOnlyForDeploymentPostprocessing = 0;
		};
/* End PBXSourcesBuildPhase section */

/* Begin PBXTargetDependency section */
		763483F01EB70917007F4D2A /* PBXTargetDependency */ = {
			isa = PBXTargetDependency;
			target = 763483D71EB70917007F4D2A /* BookStore */;
			targetProxy = 763483EF1EB70917007F4D2A /* PBXContainerItemProxy */;
		};
/* End PBXTargetDependency section */

/* Begin PBXVariantGroup section */
		763483E11EB70917007F4D2A /* Main.storyboard */ = {
			isa = PBXVariantGroup;
			children = (
				763483E21EB70917007F4D2A /* Base */,
			);
			name = Main.storyboard;
			sourceTree = "<group>";
		};
		763483E61EB70917007F4D2A /* LaunchScreen.storyboard */ = {
			isa = PBXVariantGroup;
			children = (
				763483E71EB70917007F4D2A /* Base */,
			);
			name = LaunchScreen.storyboard;
			sourceTree = "<group>";
		};
/* End PBXVariantGroup section */

/* Begin XCBuildConfiguration section */
		763483F51EB70917007F4D2A /* Debug */ = {
			isa = XCBuildConfiguration;
			buildSettings = {
				ALWAYS_SEARCH_USER_PATHS = NO;
				CLANG_ANALYZER_NONNULL = YES;
				CLANG_ANALYZER_NUMBER_OBJECT_CONVERSION = YES_AGGRESSIVE;
				CLANG_CXX_LANGUAGE_STANDARD = "gnu++0x";
				CLANG_CXX_LIBRARY = "libc++";
				CLANG_ENABLE_MODULES = YES;
				CLANG_ENABLE_OBJC_ARC = YES;
				CLANG_WARN_BOOL_CONVERSION = YES;
				CLANG_WARN_CONSTANT_CONVERSION = YES;
				CLANG_WARN_DIRECT_OBJC_ISA_USAGE = YES_ERROR;
				CLANG_WARN_DOCUMENTATION_COMMENTS = YES;
				CLANG_WARN_EMPTY_BODY = YES;
				CLANG_WARN_ENUM_CONVERSION = YES;
				CLANG_WARN_INFINITE_RECURSION = YES;
				CLANG_WARN_INT_CONVERSION = YES;
				CLANG_WARN_OBJC_ROOT_CLASS = YES_ERROR;
				CLANG_WARN_SUSPICIOUS_MOVE = YES;
				CLANG_WARN_UNREACHABLE_CODE = YES;
				CLANG_WARN__DUPLICATE_METHOD_MATCH = YES;
				"CODE_SIGN_IDENTITY[sdk=iphoneos*]" = "iPhone Developer";
				COPY_PHASE_STRIP = NO;
				DEBUG_INFORMATION_FORMAT = dwarf;
				ENABLE_STRICT_OBJC_MSGSEND = YES;
				ENABLE_TESTABILITY = YES;
				GCC_C_LANGUAGE_STANDARD = gnu99;
				GCC_DYNAMIC_NO_PIC = NO;
				GCC_NO_COMMON_BLOCKS = YES;
				GCC_OPTIMIZATION_LEVEL = 0;
				GCC_PREPROCESSOR_DEFINITIONS = (
					"DEBUG=1",
					"$(inherited)",
				);
				GCC_WARN_64_TO_32_BIT_CONVERSION = YES;
				GCC_WARN_ABOUT_RETURN_TYPE = YES_ERROR;
				GCC_WARN_UNDECLARED_SELECTOR = YES;
				GCC_WARN_UNINITIALIZED_AUTOS = YES_AGGRESSIVE;
				GCC_WARN_UNUSED_FUNCTION = YES;
				GCC_WARN_UNUSED_VARIABLE = YES;
				IPHONEOS_DEPLOYMENT_TARGET = 10.3;
				MTL_ENABLE_DEBUG_INFO = YES;
				ONLY_ACTIVE_ARCH = YES;
				SDKROOT = iphoneos;
				SWIFT_ACTIVE_COMPILATION_CONDITIONS = DEBUG;
				SWIFT_OPTIMIZATION_LEVEL = "-Onone";
			};
			name = Debug;
		};
		763483F61EB70917007F4D2A /* Release */ = {
			isa = XCBuildConfiguration;
			buildSettings = {
				ALWAYS_SEARCH_USER_PATHS = NO;
				CLANG_ANALYZER_NONNULL = YES;
				CLANG_ANALYZER_NUMBER_OBJECT_CONVERSION = YES_AGGRESSIVE;
				CLANG_CXX_LANGUAGE_STANDARD = "gnu++0x";
				CLANG_CXX_LIBRARY = "libc++";
				CLANG_ENABLE_MODULES = YES;
				CLANG_ENABLE_OBJC_ARC = YES;
				CLANG_WARN_BOOL_CONVERSION = YES;
				CLANG_WARN_CONSTANT_CONVERSION = YES;
				CLANG_WARN_DIRECT_OBJC_ISA_USAGE = YES_ERROR;
				CLANG_WARN_DOCUMENTATION_COMMENTS = YES;
				CLANG_WARN_EMPTY_BODY = YES;
				CLANG_WARN_ENUM_CONVERSION = YES;
				CLANG_WARN_INFINITE_RECURSION = YES;
				CLANG_WARN_INT_CONVERSION = YES;
				CLANG_WARN_OBJC_ROOT_CLASS = YES_ERROR;
				CLANG_WARN_SUSPICIOUS_MOVE = YES;
				CLANG_WARN_UNREACHABLE_CODE = YES;
				CLANG_WARN__DUPLICATE_METHOD_MATCH = YES;
				"CODE_SIGN_IDENTITY[sdk=iphoneos*]" = "iPhone Developer";
				COPY_PHASE_STRIP = NO;
				DEBUG_INFORMATION_FORMAT = "dwarf-with-dsym";
				ENABLE_NS_ASSERTIONS = NO;
				ENABLE_STRICT_OBJC_MSGSEND = YES;
				GCC_C_LANGUAGE_STANDARD = gnu99;
				GCC_NO_COMMON_BLOCKS = YES;
				GCC_WARN_64_TO_32_BIT_CONVERSION = YES;
				GCC_WARN_ABOUT_RETURN_TYPE = YES_ERROR;
				GCC_WARN_UNDECLARED_SELECTOR = YES;
				GCC_WARN_UNINITIALIZED_AUTOS = YES_AGGRESSIVE;
				GCC_WARN_UNUSED_FUNCTION = YES;
				GCC_WARN_UNUSED_VARIABLE = YES;
				IPHONEOS_DEPLOYMENT_TARGET = 10.3;
				MTL_ENABLE_DEBUG_INFO = NO;
				SDKROOT = iphoneos;
				SWIFT_OPTIMIZATION_LEVEL = "-Owholemodule";
				VALIDATE_PRODUCT = YES;
			};
			name = Release;
		};
		763483F81EB70917007F4D2A /* Debug */ = {
			isa = XCBuildConfiguration;
			buildSettings = {
				ASSETCATALOG_COMPILER_APPICON_NAME = AppIcon;
				DEVELOPMENT_TEAM = ASJZC5V6P7;
				INFOPLIST_FILE = BookStore/Info.plist;
				LD_RUNPATH_SEARCH_PATHS = "$(inherited) @executable_path/Frameworks";
				PRODUCT_BUNDLE_IDENTIFIER = com.derek.BookStore;
				PRODUCT_NAME = "$(TARGET_NAME)";
				SWIFT_VERSION = 3.0;
			};
			name = Debug;
		};
		763483F91EB70917007F4D2A /* Release */ = {
			isa = XCBuildConfiguration;
			buildSettings = {
				ASSETCATALOG_COMPILER_APPICON_NAME = AppIcon;
				DEVELOPMENT_TEAM = ASJZC5V6P7;
				INFOPLIST_FILE = BookStore/Info.plist;
				LD_RUNPATH_SEARCH_PATHS = "$(inherited) @executable_path/Frameworks";
				PRODUCT_BUNDLE_IDENTIFIER = com.derek.BookStore;
				PRODUCT_NAME = "$(TARGET_NAME)";
				SWIFT_VERSION = 3.0;
			};
			name = Release;
		};
		763483FB1EB70917007F4D2A /* Debug */ = {
			isa = XCBuildConfiguration;
			buildSettings = {
				ALWAYS_EMBED_SWIFT_STANDARD_LIBRARIES = YES;
				BUNDLE_LOADER = "$(TEST_HOST)";
				INFOPLIST_FILE = BookStoreTests/Info.plist;
				LD_RUNPATH_SEARCH_PATHS = "$(inherited) @executable_path/Frameworks @loader_path/Frameworks";
				PRODUCT_BUNDLE_IDENTIFIER = com.derek.BookStoreTests;
				PRODUCT_NAME = "$(TARGET_NAME)";
				SWIFT_VERSION = 3.0;
				TEST_HOST = "$(BUILT_PRODUCTS_DIR)/BookStore.app/BookStore";
			};
			name = Debug;
		};
		763483FC1EB70917007F4D2A /* Release */ = {
			isa = XCBuildConfiguration;
			buildSettings = {
				ALWAYS_EMBED_SWIFT_STANDARD_LIBRARIES = YES;
				BUNDLE_LOADER = "$(TEST_HOST)";
				INFOPLIST_FILE = BookStoreTests/Info.plist;
				LD_RUNPATH_SEARCH_PATHS = "$(inherited) @executable_path/Frameworks @loader_path/Frameworks";
				PRODUCT_BUNDLE_IDENTIFIER = com.derek.BookStoreTests;
				PRODUCT_NAME = "$(TARGET_NAME)";
				SWIFT_VERSION = 3.0;
				TEST_HOST = "$(BUILT_PRODUCTS_DIR)/BookStore.app/BookStore";
			};
			name = Release;
		};
/* End XCBuildConfiguration section */

/* Begin XCConfigurationList section */
		763483D31EB70917007F4D2A /* Build configuration list for PBXProject "BookStore" */ = {
			isa = XCConfigurationList;
			buildConfigurations = (
				763483F51EB70917007F4D2A /* Debug */,
				763483F61EB70917007F4D2A /* Release */,
			);
			defaultConfigurationIsVisible = 0;
			defaultConfigurationName = Release;
		};
		763483F71EB70917007F4D2A /* Build configuration list for PBXNativeTarget "BookStore" */ = {
			isa = XCConfigurationList;
			buildConfigurations = (
				763483F81EB70917007F4D2A /* Debug */,
				763483F91EB70917007F4D2A /* Release */,
			);
			defaultConfigurationIsVisible = 0;
			defaultConfigurationName = Release;
		};
		763483FA1EB70917007F4D2A /* Build configuration list for PBXNativeTarget "BookStoreTests" */ = {
			isa = XCConfigurationList;
			buildConfigurations = (
				763483FB1EB70917007F4D2A /* Debug */,
				763483FC1EB70917007F4D2A /* Release */,
			);
			defaultConfigurationIsVisible = 0;
			defaultConfigurationName = Release;
		};
/* End XCConfigurationList section */
	};
	rootObject = 763483D01EB70917007F4D2A /* Project object */;
}
