// !$*UTF8*$!
{
	archiveVersion = 1;
	classes = {
	};
	objectVersion = 46;
	objects = {

/* Begin PBXBuildFile section */
		76E3499B1EB4E8EF00FDFEA7 /* AppDelegate.swift in Sources */ = {isa = PBXBuildFile; fileRef = 76E3499A1EB4E8EF00FDFEA7 /* AppDelegate.swift */; };
		76E3499D1EB4E8EF00FDFEA7 /* MasterViewController.swift in Sources */ = {isa = PBXBuildFile; fileRef = 76E3499C1EB4E8EF00FDFEA7 /* MasterViewController.swift */; };
		76E3499F1EB4E8EF00FDFEA7 /* DetailViewController.swift in Sources */ = {isa = PBXBuildFile; fileRef = 76E3499E1EB4E8EF00FDFEA7 /* DetailViewController.swift */; };
		76E349A21EB4E8EF00FDFEA7 /* Main.storyboard in Resources */ = {isa = PBXBuildFile; fileRef = 76E349A01EB4E8EF00FDFEA7 /* Main.storyboard */; };
		76E349A41EB4E8EF00FDFEA7 /* Assets.xcassets in Resources */ = {isa = PBXBuildFile; fileRef = 76E349A31EB4E8EF00FDFEA7 /* Assets.xcassets */; };
		76E349A71EB4E8EF00FDFEA7 /* LaunchScreen.storyboard in Resources */ = {isa = PBXBuildFile; fileRef = 76E349A51EB4E8EF00FDFEA7 /* LaunchScreen.storyboard */; };
		76E349B21EB4E8EF00FDFEA7 /* BookStoreTests.swift in Sources */ = {isa = PBXBuildFile; fileRef = 76E349B11EB4E8EF00FDFEA7 /* BookStoreTests.swift */; };
		76E349BD1EB4EAF400FDFEA7 /* Customer.swift in Sources */ = {isa = PBXBuildFile; fileRef = 76E349BC1EB4EAF400FDFEA7 /* Customer.swift */; };
/* End PBXBuildFile section */

/* Begin PBXContainerItemProxy section */
		76E349AE1EB4E8EF00FDFEA7 /* PBXContainerItemProxy */ = {
			isa = PBXContainerItemProxy;
			containerPortal = 76E3498F1EB4E8EF00FDFEA7 /* Project object */;
			proxyType = 1;
			remoteGlobalIDString = 76E349961EB4E8EF00FDFEA7;
			remoteInfo = BookStore;
		};
/* End PBXContainerItemProxy section */

/* Begin PBXFileReference section */
		76E349971EB4E8EF00FDFEA7 /* BookStore.app */ = {isa = PBXFileReference; explicitFileType = wrapper.application; includeInIndex = 0; path = BookStore.app; sourceTree = BUILT_PRODUCTS_DIR; };
		76E3499A1EB4E8EF00FDFEA7 /* AppDelegate.swift */ = {isa = PBXFileReference; lastKnownFileType = sourcecode.swift; path = AppDelegate.swift; sourceTree = "<group>"; };
		76E3499C1EB4E8EF00FDFEA7 /* MasterViewController.swift */ = {isa = PBXFileReference; lastKnownFileType = sourcecode.swift; path = MasterViewController.swift; sourceTree = "<group>"; };
		76E3499E1EB4E8EF00FDFEA7 /* DetailViewController.swift */ = {isa = PBXFileReference; lastKnownFileType = sourcecode.swift; path = DetailViewController.swift; sourceTree = "<group>"; };
		76E349A11EB4E8EF00FDFEA7 /* Base */ = {isa = PBXFileReference; lastKnownFileType = file.storyboard; name = Base; path = Base.lproj/Main.storyboard; sourceTree = "<group>"; };
		76E349A31EB4E8EF00FDFEA7 /* Assets.xcassets */ = {isa = PBXFileReference; lastKnownFileType = folder.assetcatalog; path = Assets.xcassets; sourceTree = "<group>"; };
		76E349A61EB4E8EF00FDFEA7 /* Base */ = {isa = PBXFileReference; lastKnownFileType = file.storyboard; name = Base; path = Base.lproj/LaunchScreen.storyboard; sourceTree = "<group>"; };
		76E349A81EB4E8EF00FDFEA7 /* Info.plist */ = {isa = PBXFileReference; lastKnownFileType = text.plist.xml; path = Info.plist; sourceTree = "<group>"; };
		76E349AD1EB4E8EF00FDFEA7 /* BookStoreTests.xctest */ = {isa = PBXFileReference; explicitFileType = wrapper.cfbundle; includeInIndex = 0; path = BookStoreTests.xctest; sourceTree = BUILT_PRODUCTS_DIR; };
		76E349B11EB4E8EF00FDFEA7 /* BookStoreTests.swift */ = {isa = PBXFileReference; lastKnownFileType = sourcecode.swift; path = BookStoreTests.swift; sourceTree = "<group>"; };
		76E349B31EB4E8EF00FDFEA7 /* Info.plist */ = {isa = PBXFileReference; lastKnownFileType = text.plist.xml; path = Info.plist; sourceTree = "<group>"; };
		76E349BC1EB4EAF400FDFEA7 /* Customer.swift */ = {isa = PBXFileReference; fileEncoding = 4; lastKnownFileType = sourcecode.swift; path = Customer.swift; sourceTree = "<group>"; };
/* End PBXFileReference section */

/* Begin PBXFrameworksBuildPhase section */
		76E349941EB4E8EF00FDFEA7 /* Frameworks */ = {
			isa = PBXFrameworksBuildPhase;
			buildActionMask = 2147483647;
			files = (
			);
			runOnlyForDeploymentPostprocessing = 0;
		};
		76E349AA1EB4E8EF00FDFEA7 /* Frameworks */ = {
			isa = PBXFrameworksBuildPhase;
			buildActionMask = 2147483647;
			files = (
			);
			runOnlyForDeploymentPostprocessing = 0;
		};
/* End PBXFrameworksBuildPhase section */

/* Begin PBXGroup section */
		76E3498E1EB4E8EF00FDFEA7 = {
			isa = PBXGroup;
			children = (
				76E349BC1EB4EAF400FDFEA7 /* Customer.swift */,
				76E349991EB4E8EF00FDFEA7 /* BookStore */,
				76E349B01EB4E8EF00FDFEA7 /* BookStoreTests */,
				76E349981EB4E8EF00FDFEA7 /* Products */,
			);
			sourceTree = "<group>";
		};
		76E349981EB4E8EF00FDFEA7 /* Products */ = {
			isa = PBXGroup;
			children = (
				76E349971EB4E8EF00FDFEA7 /* BookStore.app */,
				76E349AD1EB4E8EF00FDFEA7 /* BookStoreTests.xctest */,
			);
			name = Products;
			sourceTree = "<group>";
		};
		76E349991EB4E8EF00FDFEA7 /* BookStore */ = {
			isa = PBXGroup;
			children = (
				76E3499A1EB4E8EF00FDFEA7 /* AppDelegate.swift */,
				76E3499C1EB4E8EF00FDFEA7 /* MasterViewController.swift */,
				76E3499E1EB4E8EF00FDFEA7 /* DetailViewController.swift */,
				76E349A01EB4E8EF00FDFEA7 /* Main.storyboard */,
				76E349A31EB4E8EF00FDFEA7 /* Assets.xcassets */,
				76E349A51EB4E8EF00FDFEA7 /* LaunchScreen.storyboard */,
				76E349A81EB4E8EF00FDFEA7 /* Info.plist */,
			);
			path = BookStore;
			sourceTree = "<group>";
		};
		76E349B01EB4E8EF00FDFEA7 /* BookStoreTests */ = {
			isa = PBXGroup;
			children = (
				76E349B11EB4E8EF00FDFEA7 /* BookStoreTests.swift */,
				76E349B31EB4E8EF00FDFEA7 /* Info.plist */,
			);
			path = BookStoreTests;
			sourceTree = "<group>";
		};
/* End PBXGroup section */

/* Begin PBXNativeTarget section */
		76E349961EB4E8EF00FDFEA7 /* BookStore */ = {
			isa = PBXNativeTarget;
			buildConfigurationList = 76E349B61EB4E8EF00FDFEA7 /* Build configuration list for PBXNativeTarget "BookStore" */;
			buildPhases = (
				76E349931EB4E8EF00FDFEA7 /* Sources */,
				76E349941EB4E8EF00FDFEA7 /* Frameworks */,
				76E349951EB4E8EF00FDFEA7 /* Resources */,
			);
			buildRules = (
			);
			dependencies = (
			);
			name = BookStore;
			productName = BookStore;
			productReference = 76E349971EB4E8EF00FDFEA7 /* BookStore.app */;
			productType = "com.apple.product-type.application";
		};
		76E349AC1EB4E8EF00FDFEA7 /* BookStoreTests */ = {
			isa = PBXNativeTarget;
			buildConfigurationList = 76E349B91EB4E8EF00FDFEA7 /* Build configuration list for PBXNativeTarget "BookStoreTests" */;
			buildPhases = (
				76E349A91EB4E8EF00FDFEA7 /* Sources */,
				76E349AA1EB4E8EF00FDFEA7 /* Frameworks */,
				76E349AB1EB4E8EF00FDFEA7 /* Resources */,
			);
			buildRules = (
			);
			dependencies = (
				76E349AF1EB4E8EF00FDFEA7 /* PBXTargetDependency */,
			);
			name = BookStoreTests;
			productName = BookStoreTests;
			productReference = 76E349AD1EB4E8EF00FDFEA7 /* BookStoreTests.xctest */;
			productType = "com.apple.product-type.bundle.unit-test";
		};
/* End PBXNativeTarget section */

/* Begin PBXProject section */
		76E3498F1EB4E8EF00FDFEA7 /* Project object */ = {
			isa = PBXProject;
			attributes = {
				LastSwiftUpdateCheck = 0830;
				LastUpgradeCheck = 0830;
				ORGANIZATIONNAME = "Derek Lu";
				TargetAttributes = {
					76E349961EB4E8EF00FDFEA7 = {
						CreatedOnToolsVersion = 8.3.2;
						ProvisioningStyle = Automatic;
					};
					76E349AC1EB4E8EF00FDFEA7 = {
						CreatedOnToolsVersion = 8.3.2;
						ProvisioningStyle = Automatic;
						TestTargetID = 76E349961EB4E8EF00FDFEA7;
					};
				};
			};
			buildConfigurationList = 76E349921EB4E8EF00FDFEA7 /* Build configuration list for PBXProject "BookStore" */;
			compatibilityVersion = "Xcode 3.2";
			developmentRegion = English;
			hasScannedForEncodings = 0;
			knownRegions = (
				en,
				Base,
			);
			mainGroup = 76E3498E1EB4E8EF00FDFEA7;
			productRefGroup = 76E349981EB4E8EF00FDFEA7 /* Products */;
			projectDirPath = "";
			projectRoot = "";
			targets = (
				76E349961EB4E8EF00FDFEA7 /* BookStore */,
				76E349AC1EB4E8EF00FDFEA7 /* BookStoreTests */,
			);
		};
/* End PBXProject section */

/* Begin PBXResourcesBuildPhase section */
		76E349951EB4E8EF00FDFEA7 /* Resources */ = {
			isa = PBXResourcesBuildPhase;
			buildActionMask = 2147483647;
			files = (
				76E349A71EB4E8EF00FDFEA7 /* LaunchScreen.storyboard in Resources */,
				76E349A41EB4E8EF00FDFEA7 /* Assets.xcassets in Resources */,
				76E349A21EB4E8EF00FDFEA7 /* Main.storyboard in Resources */,
			);
			runOnlyForDeploymentPostprocessing = 0;
		};
		76E349AB1EB4E8EF00FDFEA7 /* Resources */ = {
			isa = PBXResourcesBuildPhase;
			buildActionMask = 2147483647;
			files = (
			);
			runOnlyForDeploymentPostprocessing = 0;
		};
/* End PBXResourcesBuildPhase section */

/* Begin PBXSourcesBuildPhase section */
		76E349931EB4E8EF00FDFEA7 /* Sources */ = {
			isa = PBXSourcesBuildPhase;
			buildActionMask = 2147483647;
			files = (
				76E3499F1EB4E8EF00FDFEA7 /* DetailViewController.swift in Sources */,
				76E3499D1EB4E8EF00FDFEA7 /* MasterViewController.swift in Sources */,
				76E3499B1EB4E8EF00FDFEA7 /* AppDelegate.swift in Sources */,
				76E349BD1EB4EAF400FDFEA7 /* Customer.swift in Sources */,
			);
			runOnlyForDeploymentPostprocessing = 0;
		};
		76E349A91EB4E8EF00FDFEA7 /* Sources */ = {
			isa = PBXSourcesBuildPhase;
			buildActionMask = 2147483647;
			files = (
				76E349B21EB4E8EF00FDFEA7 /* BookStoreTests.swift in Sources */,
			);
			runOnlyForDeploymentPostprocessing = 0;
		};
/* End PBXSourcesBuildPhase section */

/* Begin PBXTargetDependency section */
		76E349AF1EB4E8EF00FDFEA7 /* PBXTargetDependency */ = {
			isa = PBXTargetDependency;
			target = 76E349961EB4E8EF00FDFEA7 /* BookStore */;
			targetProxy = 76E349AE1EB4E8EF00FDFEA7 /* PBXContainerItemProxy */;
		};
/* End PBXTargetDependency section */

/* Begin PBXVariantGroup section */
		76E349A01EB4E8EF00FDFEA7 /* Main.storyboard */ = {
			isa = PBXVariantGroup;
			children = (
				76E349A11EB4E8EF00FDFEA7 /* Base */,
			);
			name = Main.storyboard;
			sourceTree = "<group>";
		};
		76E349A51EB4E8EF00FDFEA7 /* LaunchScreen.storyboard */ = {
			isa = PBXVariantGroup;
			children = (
				76E349A61EB4E8EF00FDFEA7 /* Base */,
			);
			name = LaunchScreen.storyboard;
			sourceTree = "<group>";
		};
/* End PBXVariantGroup section */

/* Begin XCBuildConfiguration section */
		76E349B41EB4E8EF00FDFEA7 /* Debug */ = {
			isa = XCBuildConfiguration;
			buildSettings = {
				ALWAYS_SEARCH_USER_PATHS = NO;
				CLANG_ANALYZER_NONNULL = YES;
				CLANG_ANALYZER_NUMBER_OBJECT_CONVERSION = YES_AGGRESSIVE;
				CLANG_CXX_LANGUAGE_STANDARD = "gnu++0x";
				CLANG_CXX_LIBRARY = "libc++";
				CLANG_ENABLE_MODULES = YES;
				CLANG_ENABLE_OBJC_ARC = YES;
				CLANG_WARN_BOOL_CONVERSION = YES;
				CLANG_WARN_CONSTANT_CONVERSION = YES;
				CLANG_WARN_DIRECT_OBJC_ISA_USAGE = YES_ERROR;
				CLANG_WARN_DOCUMENTATION_COMMENTS = YES;
				CLANG_WARN_EMPTY_BODY = YES;
				CLANG_WARN_ENUM_CONVERSION = YES;
				CLANG_WARN_INFINITE_RECURSION = YES;
				CLANG_WARN_INT_CONVERSION = YES;
				CLANG_WARN_OBJC_ROOT_CLASS = YES_ERROR;
				CLANG_WARN_SUSPICIOUS_MOVE = YES;
				CLANG_WARN_UNREACHABLE_CODE = YES;
				CLANG_WARN__DUPLICATE_METHOD_MATCH = YES;
				"CODE_SIGN_IDENTITY[sdk=iphoneos*]" = "iPhone Developer";
				COPY_PHASE_STRIP = NO;
				DEBUG_INFORMATION_FORMAT = dwarf;
				ENABLE_STRICT_OBJC_MSGSEND = YES;
				ENABLE_TESTABILITY = YES;
				GCC_C_LANGUAGE_STANDARD = gnu99;
				GCC_DYNAMIC_NO_PIC = NO;
				GCC_NO_COMMON_BLOCKS = YES;
				GCC_OPTIMIZATION_LEVEL = 0;
				GCC_PREPROCESSOR_DEFINITIONS = (
					"DEBUG=1",
					"$(inherited)",
				);
				GCC_WARN_64_TO_32_BIT_CONVERSION = YES;
				GCC_WARN_ABOUT_RETURN_TYPE = YES_ERROR;
				GCC_WARN_UNDECLARED_SELECTOR = YES;
				GCC_WARN_UNINITIALIZED_AUTOS = YES_AGGRESSIVE;
				GCC_WARN_UNUSED_FUNCTION = YES;
				GCC_WARN_UNUSED_VARIABLE = YES;
				IPHONEOS_DEPLOYMENT_TARGET = 10.3;
				MTL_ENABLE_DEBUG_INFO = YES;
				ONLY_ACTIVE_ARCH = YES;
				SDKROOT = iphoneos;
				SWIFT_ACTIVE_COMPILATION_CONDITIONS = DEBUG;
				SWIFT_OPTIMIZATION_LEVEL = "-Onone";
				TARGETED_DEVICE_FAMILY = "1,2";
			};
			name = Debug;
		};
		76E349B51EB4E8EF00FDFEA7 /* Release */ = {
			isa = XCBuildConfiguration;
			buildSettings = {
				ALWAYS_SEARCH_USER_PATHS = NO;
				CLANG_ANALYZER_NONNULL = YES;
				CLANG_ANALYZER_NUMBER_OBJECT_CONVERSION = YES_AGGRESSIVE;
				CLANG_CXX_LANGUAGE_STANDARD = "gnu++0x";
				CLANG_CXX_LIBRARY = "libc++";
				CLANG_ENABLE_MODULES = YES;
				CLANG_ENABLE_OBJC_ARC = YES;
				CLANG_WARN_BOOL_CONVERSION = YES;
				CLANG_WARN_CONSTANT_CONVERSION = YES;
				CLANG_WARN_DIRECT_OBJC_ISA_USAGE = YES_ERROR;
				CLANG_WARN_DOCUMENTATION_COMMENTS = YES;
				CLANG_WARN_EMPTY_BODY = YES;
				CLANG_WARN_ENUM_CONVERSION = YES;
				CLANG_WARN_INFINITE_RECURSION = YES;
				CLANG_WARN_INT_CONVERSION = YES;
				CLANG_WARN_OBJC_ROOT_CLASS = YES_ERROR;
				CLANG_WARN_SUSPICIOUS_MOVE = YES;
				CLANG_WARN_UNREACHABLE_CODE = YES;
				CLANG_WARN__DUPLICATE_METHOD_MATCH = YES;
				"CODE_SIGN_IDENTITY[sdk=iphoneos*]" = "iPhone Developer";
				COPY_PHASE_STRIP = NO;
				DEBUG_INFORMATION_FORMAT = "dwarf-with-dsym";
				ENABLE_NS_ASSERTIONS = NO;
				ENABLE_STRICT_OBJC_MSGSEND = YES;
				GCC_C_LANGUAGE_STANDARD = gnu99;
				GCC_NO_COMMON_BLOCKS = YES;
				GCC_WARN_64_TO_32_BIT_CONVERSION = YES;
				GCC_WARN_ABOUT_RETURN_TYPE = YES_ERROR;
				GCC_WARN_UNDECLARED_SELECTOR = YES;
				GCC_WARN_UNINITIALIZED_AUTOS = YES_AGGRESSIVE;
				GCC_WARN_UNUSED_FUNCTION = YES;
				GCC_WARN_UNUSED_VARIABLE = YES;
				IPHONEOS_DEPLOYMENT_TARGET = 10.3;
				MTL_ENABLE_DEBUG_INFO = NO;
				SDKROOT = iphoneos;
				SWIFT_OPTIMIZATION_LEVEL = "-Owholemodule";
				TARGETED_DEVICE_FAMILY = "1,2";
				VALIDATE_PRODUCT = YES;
			};
			name = Release;
		};
		76E349B71EB4E8EF00FDFEA7 /* Debug */ = {
			isa = XCBuildConfiguration;
			buildSettings = {
				ASSETCATALOG_COMPILER_APPICON_NAME = AppIcon;
				INFOPLIST_FILE = BookStore/Info.plist;
				LD_RUNPATH_SEARCH_PATHS = "$(inherited) @executable_path/Frameworks";
				PRODUCT_BUNDLE_IDENTIFIER = com.derek.BookStore;
				PRODUCT_NAME = "$(TARGET_NAME)";
				SWIFT_VERSION = 3.0;
			};
			name = Debug;
		};
		76E349B81EB4E8EF00FDFEA7 /* Release */ = {
			isa = XCBuildConfiguration;
			buildSettings = {
				ASSETCATALOG_COMPILER_APPICON_NAME = AppIcon;
				INFOPLIST_FILE = BookStore/Info.plist;
				LD_RUNPATH_SEARCH_PATHS = "$(inherited) @executable_path/Frameworks";
				PRODUCT_BUNDLE_IDENTIFIER = com.derek.BookStore;
				PRODUCT_NAME = "$(TARGET_NAME)";
				SWIFT_VERSION = 3.0;
			};
			name = Release;
		};
		76E349BA1EB4E8EF00FDFEA7 /* Debug */ = {
			isa = XCBuildConfiguration;
			buildSettings = {
				ALWAYS_EMBED_SWIFT_STANDARD_LIBRARIES = YES;
				BUNDLE_LOADER = "$(TEST_HOST)";
				INFOPLIST_FILE = BookStoreTests/Info.plist;
				LD_RUNPATH_SEARCH_PATHS = "$(inherited) @executable_path/Frameworks @loader_path/Frameworks";
				PRODUCT_BUNDLE_IDENTIFIER = com.derek.BookStoreTests;
				PRODUCT_NAME = "$(TARGET_NAME)";
				SWIFT_VERSION = 3.0;
				TEST_HOST = "$(BUILT_PRODUCTS_DIR)/BookStore.app/BookStore";
			};
			name = Debug;
		};
		76E349BB1EB4E8EF00FDFEA7 /* Release */ = {
			isa = XCBuildConfiguration;
			buildSettings = {
				ALWAYS_EMBED_SWIFT_STANDARD_LIBRARIES = YES;
				BUNDLE_LOADER = "$(TEST_HOST)";
				INFOPLIST_FILE = BookStoreTests/Info.plist;
				LD_RUNPATH_SEARCH_PATHS = "$(inherited) @executable_path/Frameworks @loader_path/Frameworks";
				PRODUCT_BUNDLE_IDENTIFIER = com.derek.BookStoreTests;
				PRODUCT_NAME = "$(TARGET_NAME)";
				SWIFT_VERSION = 3.0;
				TEST_HOST = "$(BUILT_PRODUCTS_DIR)/BookStore.app/BookStore";
			};
			name = Release;
		};
/* End XCBuildConfiguration section */

/* Begin XCConfigurationList section */
		76E349921EB4E8EF00FDFEA7 /* Build configuration list for PBXProject "BookStore" */ = {
			isa = XCConfigurationList;
			buildConfigurations = (
				76E349B41EB4E8EF00FDFEA7 /* Debug */,
				76E349B51EB4E8EF00FDFEA7 /* Release */,
			);
			defaultConfigurationIsVisible = 0;
			defaultConfigurationName = Release;
		};
		76E349B61EB4E8EF00FDFEA7 /* Build configuration list for PBXNativeTarget "BookStore" */ = {
			isa = XCConfigurationList;
			buildConfigurations = (
				76E349B71EB4E8EF00FDFEA7 /* Debug */,
				76E349B81EB4E8EF00FDFEA7 /* Release */,
			);
			defaultConfigurationIsVisible = 0;
		};
		76E349B91EB4E8EF00FDFEA7 /* Build configuration list for PBXNativeTarget "BookStoreTests" */ = {
			isa = XCConfigurationList;
			buildConfigurations = (
				76E349BA1EB4E8EF00FDFEA7 /* Debug */,
				76E349BB1EB4E8EF00FDFEA7 /* Release */,
			);
			defaultConfigurationIsVisible = 0;
		};
/* End XCConfigurationList section */
	};
	rootObject = 76E3498F1EB4E8EF00FDFEA7 /* Project object */;
}
