// !$*UTF8*$!
{
	archiveVersion = 1;
	classes = {
	};
	objectVersion = 46;
	objects = {

/* Begin PBXBuildFile section */
		7634840E1EB83168007F4D2A /* AppDelegate.swift in Sources */ = {isa = PBXBuildFile; fileRef = 7634840D1EB83168007F4D2A /* AppDelegate.swift */; };
		763484101EB83168007F4D2A /* ViewController.swift in Sources */ = {isa = PBXBuildFile; fileRef = 7634840F1EB83168007F4D2A /* ViewController.swift */; };
		763484131EB83168007F4D2A /* Main.storyboard in Resources */ = {isa = PBXBuildFile; fileRef = 763484111EB83168007F4D2A /* Main.storyboard */; };
		763484151EB83168007F4D2A /* Assets.xcassets in Resources */ = {isa = PBXBuildFile; fileRef = 763484141EB83168007F4D2A /* Assets.xcassets */; };
		763484181EB83168007F4D2A /* LaunchScreen.storyboard in Resources */ = {isa = PBXBuildFile; fileRef = 763484161EB83168007F4D2A /* LaunchScreen.storyboard */; };
		763484231EB83169007F4D2A /* ComparisonTests.swift in Sources */ = {isa = PBXBuildFile; fileRef = 763484221EB83169007F4D2A /* ComparisonTests.swift */; };
/* End PBXBuildFile section */

/* Begin PBXContainerItemProxy section */
		7634841F1EB83169007F4D2A /* PBXContainerItemProxy */ = {
			isa = PBXContainerItemProxy;
			containerPortal = 763484021EB83168007F4D2A /* Project object */;
			proxyType = 1;
			remoteGlobalIDString = 763484091EB83168007F4D2A;
			remoteInfo = Comparison;
		};
/* End PBXContainerItemProxy section */

/* Begin PBXFileReference section */
		7634840A1EB83168007F4D2A /* Comparison.app */ = {isa = PBXFileReference; explicitFileType = wrapper.application; includeInIndex = 0; path = Comparison.app; sourceTree = BUILT_PRODUCTS_DIR; };
		7634840D1EB83168007F4D2A /* AppDelegate.swift */ = {isa = PBXFileReference; lastKnownFileType = sourcecode.swift; path = AppDelegate.swift; sourceTree = "<group>"; };
		7634840F1EB83168007F4D2A /* ViewController.swift */ = {isa = PBXFileReference; lastKnownFileType = sourcecode.swift; path = ViewController.swift; sourceTree = "<group>"; };
		763484121EB83168007F4D2A /* Base */ = {isa = PBXFileReference; lastKnownFileType = file.storyboard; name = Base; path = Base.lproj/Main.storyboard; sourceTree = "<group>"; };
		763484141EB83168007F4D2A /* Assets.xcassets */ = {isa = PBXFileReference; lastKnownFileType = folder.assetcatalog; path = Assets.xcassets; sourceTree = "<group>"; };
		763484171EB83168007F4D2A /* Base */ = {isa = PBXFileReference; lastKnownFileType = file.storyboard; name = Base; path = Base.lproj/LaunchScreen.storyboard; sourceTree = "<group>"; };
		763484191EB83168007F4D2A /* Info.plist */ = {isa = PBXFileReference; lastKnownFileType = text.plist.xml; path = Info.plist; sourceTree = "<group>"; };
		7634841E1EB83169007F4D2A /* ComparisonTests.xctest */ = {isa = PBXFileReference; explicitFileType = wrapper.cfbundle; includeInIndex = 0; path = ComparisonTests.xctest; sourceTree = BUILT_PRODUCTS_DIR; };
		763484221EB83169007F4D2A /* ComparisonTests.swift */ = {isa = PBXFileReference; lastKnownFileType = sourcecode.swift; path = ComparisonTests.swift; sourceTree = "<group>"; };
		763484241EB83169007F4D2A /* Info.plist */ = {isa = PBXFileReference; lastKnownFileType = text.plist.xml; path = Info.plist; sourceTree = "<group>"; };
/* End PBXFileReference section */

/* Begin PBXFrameworksBuildPhase section */
		763484071EB83168007F4D2A /* Frameworks */ = {
			isa = PBXFrameworksBuildPhase;
			buildActionMask = 2147483647;
			files = (
			);
			runOnlyForDeploymentPostprocessing = 0;
		};
		7634841B1EB83169007F4D2A /* Frameworks */ = {
			isa = PBXFrameworksBuildPhase;
			buildActionMask = 2147483647;
			files = (
			);
			runOnlyForDeploymentPostprocessing = 0;
		};
/* End PBXFrameworksBuildPhase section */

/* Begin PBXGroup section */
		763484011EB83168007F4D2A = {
			isa = PBXGroup;
			children = (
				7634840C1EB83168007F4D2A /* Comparison */,
				763484211EB83169007F4D2A /* ComparisonTests */,
				7634840B1EB83168007F4D2A /* Products */,
			);
			sourceTree = "<group>";
		};
		7634840B1EB83168007F4D2A /* Products */ = {
			isa = PBXGroup;
			children = (
				7634840A1EB83168007F4D2A /* Comparison.app */,
				7634841E1EB83169007F4D2A /* ComparisonTests.xctest */,
			);
			name = Products;
			sourceTree = "<group>";
		};
		7634840C1EB83168007F4D2A /* Comparison */ = {
			isa = PBXGroup;
			children = (
				7634840D1EB83168007F4D2A /* AppDelegate.swift */,
				7634840F1EB83168007F4D2A /* ViewController.swift */,
				763484111EB83168007F4D2A /* Main.storyboard */,
				763484141EB83168007F4D2A /* Assets.xcassets */,
				763484161EB83168007F4D2A /* LaunchScreen.storyboard */,
				763484191EB83168007F4D2A /* Info.plist */,
			);
			path = Comparison;
			sourceTree = "<group>";
		};
		763484211EB83169007F4D2A /* ComparisonTests */ = {
			isa = PBXGroup;
			children = (
				763484221EB83169007F4D2A /* ComparisonTests.swift */,
				763484241EB83169007F4D2A /* Info.plist */,
			);
			path = ComparisonTests;
			sourceTree = "<group>";
		};
/* End PBXGroup section */

/* Begin PBXNativeTarget section */
		763484091EB83168007F4D2A /* Comparison */ = {
			isa = PBXNativeTarget;
			buildConfigurationList = 763484271EB83169007F4D2A /* Build configuration list for PBXNativeTarget "Comparison" */;
			buildPhases = (
				763484061EB83168007F4D2A /* Sources */,
				763484071EB83168007F4D2A /* Frameworks */,
				763484081EB83168007F4D2A /* Resources */,
			);
			buildRules = (
			);
			dependencies = (
			);
			name = Comparison;
			productName = Comparison;
			productReference = 7634840A1EB83168007F4D2A /* Comparison.app */;
			productType = "com.apple.product-type.application";
		};
		7634841D1EB83169007F4D2A /* ComparisonTests */ = {
			isa = PBXNativeTarget;
			buildConfigurationList = 7634842A1EB83169007F4D2A /* Build configuration list for PBXNativeTarget "ComparisonTests" */;
			buildPhases = (
				7634841A1EB83169007F4D2A /* Sources */,
				7634841B1EB83169007F4D2A /* Frameworks */,
				7634841C1EB83169007F4D2A /* Resources */,
			);
			buildRules = (
			);
			dependencies = (
				763484201EB83169007F4D2A /* PBXTargetDependency */,
			);
			name = ComparisonTests;
			productName = ComparisonTests;
			productReference = 7634841E1EB83169007F4D2A /* ComparisonTests.xctest */;
			productType = "com.apple.product-type.bundle.unit-test";
		};
/* End PBXNativeTarget section */

/* Begin PBXProject section */
		763484021EB83168007F4D2A /* Project object */ = {
			isa = PBXProject;
			attributes = {
				LastSwiftUpdateCheck = 0830;
				LastUpgradeCheck = 0830;
				ORGANIZATIONNAME = "Derek Lu";
				TargetAttributes = {
					763484091EB83168007F4D2A = {
						CreatedOnToolsVersion = 8.3.2;
						ProvisioningStyle = Automatic;
					};
					7634841D1EB83169007F4D2A = {
						CreatedOnToolsVersion = 8.3.2;
						ProvisioningStyle = Automatic;
						TestTargetID = 763484091EB83168007F4D2A;
					};
				};
			};
			buildConfigurationList = 763484051EB83168007F4D2A /* Build configuration list for PBXProject "Comparison" */;
			compatibilityVersion = "Xcode 3.2";
			developmentRegion = English;
			hasScannedForEncodings = 0;
			knownRegions = (
				en,
				Base,
			);
			mainGroup = 763484011EB83168007F4D2A;
			productRefGroup = 7634840B1EB83168007F4D2A /* Products */;
			projectDirPath = "";
			projectRoot = "";
			targets = (
				763484091EB83168007F4D2A /* Comparison */,
				7634841D1EB83169007F4D2A /* ComparisonTests */,
			);
		};
/* End PBXProject section */

/* Begin PBXResourcesBuildPhase section */
		763484081EB83168007F4D2A /* Resources */ = {
			isa = PBXResourcesBuildPhase;
			buildActionMask = 2147483647;
			files = (
				763484181EB83168007F4D2A /* LaunchScreen.storyboard in Resources */,
				763484151EB83168007F4D2A /* Assets.xcassets in Resources */,
				763484131EB83168007F4D2A /* Main.storyboard in Resources */,
			);
			runOnlyForDeploymentPostprocessing = 0;
		};
		7634841C1EB83169007F4D2A /* Resources */ = {
			isa = PBXResourcesBuildPhase;
			buildActionMask = 2147483647;
			files = (
			);
			runOnlyForDeploymentPostprocessing = 0;
		};
/* End PBXResourcesBuildPhase section */

/* Begin PBXSourcesBuildPhase section */
		763484061EB83168007F4D2A /* Sources */ = {
			isa = PBXSourcesBuildPhase;
			buildActionMask = 2147483647;
			files = (
				763484101EB83168007F4D2A /* ViewController.swift in Sources */,
				7634840E1EB83168007F4D2A /* AppDelegate.swift in Sources */,
			);
			runOnlyForDeploymentPostprocessing = 0;
		};
		7634841A1EB83169007F4D2A /* Sources */ = {
			isa = PBXSourcesBuildPhase;
			buildActionMask = 2147483647;
			files = (
				763484231EB83169007F4D2A /* ComparisonTests.swift in Sources */,
			);
			runOnlyForDeploymentPostprocessing = 0;
		};
/* End PBXSourcesBuildPhase section */

/* Begin PBXTargetDependency section */
		763484201EB83169007F4D2A /* PBXTargetDependency */ = {
			isa = PBXTargetDependency;
			target = 763484091EB83168007F4D2A /* Comparison */;
			targetProxy = 7634841F1EB83169007F4D2A /* PBXContainerItemProxy */;
		};
/* End PBXTargetDependency section */

/* Begin PBXVariantGroup section */
		763484111EB83168007F4D2A /* Main.storyboard */ = {
			isa = PBXVariantGroup;
			children = (
				763484121EB83168007F4D2A /* Base */,
			);
			name = Main.storyboard;
			sourceTree = "<group>";
		};
		763484161EB83168007F4D2A /* LaunchScreen.storyboard */ = {
			isa = PBXVariantGroup;
			children = (
				763484171EB83168007F4D2A /* Base */,
			);
			name = LaunchScreen.storyboard;
			sourceTree = "<group>";
		};
/* End PBXVariantGroup section */

/* Begin XCBuildConfiguration section */
		763484251EB83169007F4D2A /* Debug */ = {
			isa = XCBuildConfiguration;
			buildSettings = {
				ALWAYS_SEARCH_USER_PATHS = NO;
				CLANG_ANALYZER_NONNULL = YES;
				CLANG_ANALYZER_NUMBER_OBJECT_CONVERSION = YES_AGGRESSIVE;
				CLANG_CXX_LANGUAGE_STANDARD = "gnu++0x";
				CLANG_CXX_LIBRARY = "libc++";
				CLANG_ENABLE_MODULES = YES;
				CLANG_ENABLE_OBJC_ARC = YES;
				CLANG_WARN_BOOL_CONVERSION = YES;
				CLANG_WARN_CONSTANT_CONVERSION = YES;
				CLANG_WARN_DIRECT_OBJC_ISA_USAGE = YES_ERROR;
				CLANG_WARN_DOCUMENTATION_COMMENTS = YES;
				CLANG_WARN_EMPTY_BODY = YES;
				CLANG_WARN_ENUM_CONVERSION = YES;
				CLANG_WARN_INFINITE_RECURSION = YES;
				CLANG_WARN_INT_CONVERSION = YES;
				CLANG_WARN_OBJC_ROOT_CLASS = YES_ERROR;
				CLANG_WARN_SUSPICIOUS_MOVE = YES;
				CLANG_WARN_UNREACHABLE_CODE = YES;
				CLANG_WARN__DUPLICATE_METHOD_MATCH = YES;
				"CODE_SIGN_IDENTITY[sdk=iphoneos*]" = "iPhone Developer";
				COPY_PHASE_STRIP = NO;
				DEBUG_INFORMATION_FORMAT = dwarf;
				ENABLE_STRICT_OBJC_MSGSEND = YES;
				ENABLE_TESTABILITY = YES;
				GCC_C_LANGUAGE_STANDARD = gnu99;
				GCC_DYNAMIC_NO_PIC = NO;
				GCC_NO_COMMON_BLOCKS = YES;
				GCC_OPTIMIZATION_LEVEL = 0;
				GCC_PREPROCESSOR_DEFINITIONS = (
					"DEBUG=1",
					"$(inherited)",
				);
				GCC_WARN_64_TO_32_BIT_CONVERSION = YES;
				GCC_WARN_ABOUT_RETURN_TYPE = YES_ERROR;
				GCC_WARN_UNDECLARED_SELECTOR = YES;
				GCC_WARN_UNINITIALIZED_AUTOS = YES_AGGRESSIVE;
				GCC_WARN_UNUSED_FUNCTION = YES;
				GCC_WARN_UNUSED_VARIABLE = YES;
				IPHONEOS_DEPLOYMENT_TARGET = 10.3;
				MTL_ENABLE_DEBUG_INFO = YES;
				ONLY_ACTIVE_ARCH = YES;
				SDKROOT = iphoneos;
				SWIFT_ACTIVE_COMPILATION_CONDITIONS = DEBUG;
				SWIFT_OPTIMIZATION_LEVEL = "-Onone";
			};
			name = Debug;
		};
		763484261EB83169007F4D2A /* Release */ = {
			isa = XCBuildConfiguration;
			buildSettings = {
				ALWAYS_SEARCH_USER_PATHS = NO;
				CLANG_ANALYZER_NONNULL = YES;
				CLANG_ANALYZER_NUMBER_OBJECT_CONVERSION = YES_AGGRESSIVE;
				CLANG_CXX_LANGUAGE_STANDARD = "gnu++0x";
				CLANG_CXX_LIBRARY = "libc++";
				CLANG_ENABLE_MODULES = YES;
				CLANG_ENABLE_OBJC_ARC = YES;
				CLANG_WARN_BOOL_CONVERSION = YES;
				CLANG_WARN_CONSTANT_CONVERSION = YES;
				CLANG_WARN_DIRECT_OBJC_ISA_USAGE = YES_ERROR;
				CLANG_WARN_DOCUMENTATION_COMMENTS = YES;
				CLANG_WARN_EMPTY_BODY = YES;
				CLANG_WARN_ENUM_CONVERSION = YES;
				CLANG_WARN_INFINITE_RECURSION = YES;
				CLANG_WARN_INT_CONVERSION = YES;
				CLANG_WARN_OBJC_ROOT_CLASS = YES_ERROR;
				CLANG_WARN_SUSPICIOUS_MOVE = YES;
				CLANG_WARN_UNREACHABLE_CODE = YES;
				CLANG_WARN__DUPLICATE_METHOD_MATCH = YES;
				"CODE_SIGN_IDENTITY[sdk=iphoneos*]" = "iPhone Developer";
				COPY_PHASE_STRIP = NO;
				DEBUG_INFORMATION_FORMAT = "dwarf-with-dsym";
				ENABLE_NS_ASSERTIONS = NO;
				ENABLE_STRICT_OBJC_MSGSEND = YES;
				GCC_C_LANGUAGE_STANDARD = gnu99;
				GCC_NO_COMMON_BLOCKS = YES;
				GCC_WARN_64_TO_32_BIT_CONVERSION = YES;
				GCC_WARN_ABOUT_RETURN_TYPE = YES_ERROR;
				GCC_WARN_UNDECLARED_SELECTOR = YES;
				GCC_WARN_UNINITIALIZED_AUTOS = YES_AGGRESSIVE;
				GCC_WARN_UNUSED_FUNCTION = YES;
				GCC_WARN_UNUSED_VARIABLE = YES;
				IPHONEOS_DEPLOYMENT_TARGET = 10.3;
				MTL_ENABLE_DEBUG_INFO = NO;
				SDKROOT = iphoneos;
				SWIFT_OPTIMIZATION_LEVEL = "-Owholemodule";
				VALIDATE_PRODUCT = YES;
			};
			name = Release;
		};
		763484281EB83169007F4D2A /* Debug */ = {
			isa = XCBuildConfiguration;
			buildSettings = {
				ASSETCATALOG_COMPILER_APPICON_NAME = AppIcon;
				INFOPLIST_FILE = Comparison/Info.plist;
				LD_RUNPATH_SEARCH_PATHS = "$(inherited) @executable_path/Frameworks";
				PRODUCT_BUNDLE_IDENTIFIER = com.derek.Comparison;
				PRODUCT_NAME = "$(TARGET_NAME)";
				SWIFT_VERSION = 3.0;
			};
			name = Debug;
		};
		763484291EB83169007F4D2A /* Release */ = {
			isa = XCBuildConfiguration;
			buildSettings = {
				ASSETCATALOG_COMPILER_APPICON_NAME = AppIcon;
				INFOPLIST_FILE = Comparison/Info.plist;
				LD_RUNPATH_SEARCH_PATHS = "$(inherited) @executable_path/Frameworks";
				PRODUCT_BUNDLE_IDENTIFIER = com.derek.Comparison;
				PRODUCT_NAME = "$(TARGET_NAME)";
				SWIFT_VERSION = 3.0;
			};
			name = Release;
		};
		7634842B1EB83169007F4D2A /* Debug */ = {
			isa = XCBuildConfiguration;
			buildSettings = {
				ALWAYS_EMBED_SWIFT_STANDARD_LIBRARIES = YES;
				BUNDLE_LOADER = "$(TEST_HOST)";
				INFOPLIST_FILE = ComparisonTests/Info.plist;
				LD_RUNPATH_SEARCH_PATHS = "$(inherited) @executable_path/Frameworks @loader_path/Frameworks";
				PRODUCT_BUNDLE_IDENTIFIER = com.derek.ComparisonTests;
				PRODUCT_NAME = "$(TARGET_NAME)";
				SWIFT_VERSION = 3.0;
				TEST_HOST = "$(BUILT_PRODUCTS_DIR)/Comparison.app/Comparison";
			};
			name = Debug;
		};
		7634842C1EB83169007F4D2A /* Release */ = {
			isa = XCBuildConfiguration;
			buildSettings = {
				ALWAYS_EMBED_SWIFT_STANDARD_LIBRARIES = YES;
				BUNDLE_LOADER = "$(TEST_HOST)";
				INFOPLIST_FILE = ComparisonTests/Info.plist;
				LD_RUNPATH_SEARCH_PATHS = "$(inherited) @executable_path/Frameworks @loader_path/Frameworks";
				PRODUCT_BUNDLE_IDENTIFIER = com.derek.ComparisonTests;
				PRODUCT_NAME = "$(TARGET_NAME)";
				SWIFT_VERSION = 3.0;
				TEST_HOST = "$(BUILT_PRODUCTS_DIR)/Comparison.app/Comparison";
			};
			name = Release;
		};
/* End XCBuildConfiguration section */

/* Begin XCConfigurationList section */
		763484051EB83168007F4D2A /* Build configuration list for PBXProject "Comparison" */ = {
			isa = XCConfigurationList;
			buildConfigurations = (
				763484251EB83169007F4D2A /* Debug */,
				763484261EB83169007F4D2A /* Release */,
			);
			defaultConfigurationIsVisible = 0;
			defaultConfigurationName = Release;
		};
		763484271EB83169007F4D2A /* Build configuration list for PBXNativeTarget "Comparison" */ = {
			isa = XCConfigurationList;
			buildConfigurations = (
				763484281EB83169007F4D2A /* Debug */,
				763484291EB83169007F4D2A /* Release */,
			);
			defaultConfigurationIsVisible = 0;
		};
		7634842A1EB83169007F4D2A /* Build configuration list for PBXNativeTarget "ComparisonTests" */ = {
			isa = XCConfigurationList;
			buildConfigurations = (
				7634842B1EB83169007F4D2A /* Debug */,
				7634842C1EB83169007F4D2A /* Release */,
			);
			defaultConfigurationIsVisible = 0;
		};
/* End XCConfigurationList section */
	};
	rootObject = 763484021EB83168007F4D2A /* Project object */;
}
